PODS:
  - Alamofire (5.0.0-rc.3)
  - HTMLReader (2.1.4)
  - SDWebImage (5.3.1):
    - SDWebImage/Core (= 5.3.1)
  - SDWebImage/Core (5.3.1)
  - XLPagerTabStrip (9.0.0)

DEPENDENCIES:
  - Alamofire (~> 5.0.0-rc.3)
  - HTMLReader
  - SDWebImage (~> 5.0)
  - XLPagerTabStrip (~> 9.0)

SPEC REPOS:
  https://github.com/cocoapods/specs.git:
    - Alamofire
    - HTMLReader
    - SDWebImage
    - XLPagerTabStrip

SPEC CHECKSUMS:
  Alamofire: ca8c0de6906873be89d6deec5c8de279e00bf872
  HTMLReader: 2fc5ccf6a041b7070d9b43b101034cba63d2ae2a
  SDWebImage: 7137d57385fb632129838c1e6ab9528a22c666cc
  XLPagerTabStrip: 61c57fd61f611ee5f01ff1495ad6fbee8bf496c5

PODFILE CHECKSUM: 4ae794dc92c3e55eb438ead5df180456ca915520

COCOAPODS: 1.5.3
