// !$*UTF8*$!
{
	archiveVersion = 1;
	classes = {
	};
	objectVersion = 50;
	objects = {

/* Begin PBXBuildFile section */
		269AA4DEFD54FA95314489DD /* Pods_YahooNewsMirror.framework in Frameworks */ = {isa = PBXBuildFile; fileRef = 1CF3C97CD9769F0722E6DDEE /* Pods_YahooNewsMirror.framework */; };
		9E578E7D237FDFF300B5B165 /* ArticleCell.swift in Sources */ = {isa = PBXBuildFile; fileRef = 9E578E7B237FDFF300B5B165 /* ArticleCell.swift */; };
		9E578E7E237FDFF300B5B165 /* ArticleCell.xib in Resources */ = {isa = PBXBuildFile; fileRef = 9E578E7C237FDFF300B5B165 /* ArticleCell.xib */; };
		9EA87847237F0FBC00216A17 /* AppDelegate.swift in Sources */ = {isa = PBXBuildFile; fileRef = 9EA87846237F0FBC00216A17 /* AppDelegate.swift */; };
		9EA87849237F0FBC00216A17 /* SceneDelegate.swift in Sources */ = {isa = PBXBuildFile; fileRef = 9EA87848237F0FBC00216A17 /* SceneDelegate.swift */; };
		9EA8784B237F0FBC00216A17 /* HomeViewController.swift in Sources */ = {isa = PBXBuildFile; fileRef = 9EA8784A237F0FBC00216A17 /* HomeViewController.swift */; };
		9EA8784E237F0FBC00216A17 /* Main.storyboard in Resources */ = {isa = PBXBuildFile; fileRef = 9EA8784C237F0FBC00216A17 /* Main.storyboard */; };
		9EA87850237F0FC300216A17 /* Assets.xcassets in Resources */ = {isa = PBXBuildFile; fileRef = 9EA8784F237F0FC300216A17 /* Assets.xcassets */; };
		9EA87853237F0FC300216A17 /* LaunchScreen.storyboard in Resources */ = {isa = PBXBuildFile; fileRef = 9EA87851237F0FC300216A17 /* LaunchScreen.storyboard */; };
/* End PBXBuildFile section */

/* Begin PBXFileReference section */
		1CF3C97CD9769F0722E6DDEE /* Pods_YahooNewsMirror.framework */ = {isa = PBXFileReference; explicitFileType = wrapper.framework; includeInIndex = 0; path = Pods_YahooNewsMirror.framework; sourceTree = BUILT_PRODUCTS_DIR; };
		71D75EACA9820E40030EF9B4 /* Pods-YahooNewsMirror.debug.xcconfig */ = {isa = PBXFileReference; includeInIndex = 1; lastKnownFileType = text.xcconfig; name = "Pods-YahooNewsMirror.debug.xcconfig"; path = "Pods/Target Support Files/Pods-YahooNewsMirror/Pods-YahooNewsMirror.debug.xcconfig"; sourceTree = "<group>"; };
		9E578E7B237FDFF300B5B165 /* ArticleCell.swift */ = {isa = PBXFileReference; lastKnownFileType = sourcecode.swift; path = ArticleCell.swift; sourceTree = "<group>"; };
		9E578E7C237FDFF300B5B165 /* ArticleCell.xib */ = {isa = PBXFileReference; lastKnownFileType = file.xib; path = ArticleCell.xib; sourceTree = "<group>"; };
		9EA87843237F0FBC00216A17 /* YahooNewsMirror.app */ = {isa = PBXFileReference; explicitFileType = wrapper.application; includeInIndex = 0; path = YahooNewsMirror.app; sourceTree = BUILT_PRODUCTS_DIR; };
		9EA87846237F0FBC00216A17 /* AppDelegate.swift */ = {isa = PBXFileReference; lastKnownFileType = sourcecode.swift; path = AppDelegate.swift; sourceTree = "<group>"; };
		9EA87848237F0FBC00216A17 /* SceneDelegate.swift */ = {isa = PBXFileReference; lastKnownFileType = sourcecode.swift; path = SceneDelegate.swift; sourceTree = "<group>"; };
		9EA8784A237F0FBC00216A17 /* HomeViewController.swift */ = {isa = PBXFileReference; lastKnownFileType = sourcecode.swift; path = HomeViewController.swift; sourceTree = "<group>"; };
		9EA8784D237F0FBC00216A17 /* Base */ = {isa = PBXFileReference; lastKnownFileType = file.storyboard; name = Base; path = Base.lproj/Main.storyboard; sourceTree = "<group>"; };
		9EA8784F237F0FC300216A17 /* Assets.xcassets */ = {isa = PBXFileReference; lastKnownFileType = folder.assetcatalog; path = Assets.xcassets; sourceTree = "<group>"; };
		9EA87852237F0FC300216A17 /* Base */ = {isa = PBXFileReference; lastKnownFileType = file.storyboard; name = Base; path = Base.lproj/LaunchScreen.storyboard; sourceTree = "<group>"; };
		9EA87854237F0FC300216A17 /* Info.plist */ = {isa = PBXFileReference; lastKnownFileType = text.plist.xml; path = Info.plist; sourceTree = "<group>"; };
		C9C7CCA9DE600D0C7BF3C128 /* Pods-YahooNewsMirror.release.xcconfig */ = {isa = PBXFileReference; includeInIndex = 1; lastKnownFileType = text.xcconfig; name = "Pods-YahooNewsMirror.release.xcconfig"; path = "Pods/Target Support Files/Pods-YahooNewsMirror/Pods-YahooNewsMirror.release.xcconfig"; sourceTree = "<group>"; };
/* End PBXFileReference section */

/* Begin PBXFrameworksBuildPhase section */
		9EA87840237F0FBC00216A17 /* Frameworks */ = {
			isa = PBXFrameworksBuildPhase;
			buildActionMask = 2147483647;
			files = (
				269AA4DEFD54FA95314489DD /* Pods_YahooNewsMirror.framework in Frameworks */,
			);
			runOnlyForDeploymentPostprocessing = 0;
		};
/* End PBXFrameworksBuildPhase section */

/* Begin PBXGroup section */
		369BC70C677DEB8C27D7A70D /* Pods */ = {
			isa = PBXGroup;
			children = (
				71D75EACA9820E40030EF9B4 /* Pods-YahooNewsMirror.debug.xcconfig */,
				C9C7CCA9DE600D0C7BF3C128 /* Pods-YahooNewsMirror.release.xcconfig */,
			);
			name = Pods;
			sourceTree = "<group>";
		};
		95DB8CAE026A8DF69ADF1F17 /* Frameworks */ = {
			isa = PBXGroup;
			children = (
				1CF3C97CD9769F0722E6DDEE /* Pods_YahooNewsMirror.framework */,
			);
			name = Frameworks;
			sourceTree = "<group>";
		};
		9EA8783A237F0FBC00216A17 = {
			isa = PBXGroup;
			children = (
				9EA87845237F0FBC00216A17 /* YahooNewsMirror */,
				9EA87844237F0FBC00216A17 /* Products */,
				369BC70C677DEB8C27D7A70D /* Pods */,
				95DB8CAE026A8DF69ADF1F17 /* Frameworks */,
			);
			sourceTree = "<group>";
		};
		9EA87844237F0FBC00216A17 /* Products */ = {
			isa = PBXGroup;
			children = (
				9EA87843237F0FBC00216A17 /* YahooNewsMirror.app */,
			);
			name = Products;
			sourceTree = "<group>";
		};
		9EA87845237F0FBC00216A17 /* YahooNewsMirror */ = {
			isa = PBXGroup;
			children = (
				9EA87846237F0FBC00216A17 /* AppDelegate.swift */,
				9EA87848237F0FBC00216A17 /* SceneDelegate.swift */,
				9EA8784A237F0FBC00216A17 /* HomeViewController.swift */,
				9EA8784C237F0FBC00216A17 /* Main.storyboard */,
				9E578E7B237FDFF300B5B165 /* ArticleCell.swift */,
				9E578E7C237FDFF300B5B165 /* ArticleCell.xib */,
				9EA8784F237F0FC300216A17 /* Assets.xcassets */,
				9EA87851237F0FC300216A17 /* LaunchScreen.storyboard */,
				9EA87854237F0FC300216A17 /* Info.plist */,
			);
			path = YahooNewsMirror;
			sourceTree = "<group>";
		};
/* End PBXGroup section */

/* Begin PBXNativeTarget section */
		9EA87842237F0FBC00216A17 /* YahooNewsMirror */ = {
			isa = PBXNativeTarget;
			buildConfigurationList = 9EA87857237F0FC300216A17 /* Build configuration list for PBXNativeTarget "YahooNewsMirror" */;
			buildPhases = (
				453DA6F0F8BD8E07C24D2097 /* [CP] Check Pods Manifest.lock */,
				9EA8783F237F0FBC00216A17 /* Sources */,
				9EA87840237F0FBC00216A17 /* Frameworks */,
				9EA87841237F0FBC00216A17 /* Resources */,
				9503F7FE8E91057C2F4F501D /* [CP] Embed Pods Frameworks */,
			);
			buildRules = (
			);
			dependencies = (
			);
			name = YahooNewsMirror;
			productName = YahooNewsMirror;
			productReference = 9EA87843237F0FBC00216A17 /* YahooNewsMirror.app */;
			productType = "com.apple.product-type.application";
		};
/* End PBXNativeTarget section */

/* Begin PBXProject section */
		9EA8783B237F0FBC00216A17 /* Project object */ = {
			isa = PBXProject;
			attributes = {
				LastSwiftUpdateCheck = 1110;
				LastUpgradeCheck = 1110;
				ORGANIZATIONNAME = "Toya Kawano";
				TargetAttributes = {
					9EA87842237F0FBC00216A17 = {
						CreatedOnToolsVersion = 11.1;
					};
				};
			};
			buildConfigurationList = 9EA8783E237F0FBC00216A17 /* Build configuration list for PBXProject "YahooNewsMirror" */;
			compatibilityVersion = "Xcode 9.3";
			developmentRegion = en;
			hasScannedForEncodings = 0;
			knownRegions = (
				en,
				Base,
			);
			mainGroup = 9EA8783A237F0FBC00216A17;
			productRefGroup = 9EA87844237F0FBC00216A17 /* Products */;
			projectDirPath = "";
			projectRoot = "";
			targets = (
				9EA87842237F0FBC00216A17 /* YahooNewsMirror */,
			);
		};
/* End PBXProject section */

/* Begin PBXResourcesBuildPhase section */
		9EA87841237F0FBC00216A17 /* Resources */ = {
			isa = PBXResourcesBuildPhase;
			buildActionMask = 2147483647;
			files = (
				9E578E7E237FDFF300B5B165 /* ArticleCell.xib in Resources */,
				9EA87853237F0FC300216A17 /* LaunchScreen.storyboard in Resources */,
				9EA87850237F0FC300216A17 /* Assets.xcassets in Resources */,
				9EA8784E237F0FBC00216A17 /* Main.storyboard in Resources */,
			);
			runOnlyForDeploymentPostprocessing = 0;
		};
/* End PBXResourcesBuildPhase section */

/* Begin PBXShellScriptBuildPhase section */
		453DA6F0F8BD8E07C24D2097 /* [CP] Check Pods Manifest.lock */ = {
			isa = PBXShellScriptBuildPhase;
			buildActionMask = 2147483647;
			files = (
			);
			inputPaths = (
				"${PODS_PODFILE_DIR_PATH}/Podfile.lock",
				"${PODS_ROOT}/Manifest.lock",
			);
			name = "[CP] Check Pods Manifest.lock";
			outputPaths = (
				"$(DERIVED_FILE_DIR)/Pods-YahooNewsMirror-checkManifestLockResult.txt",
			);
			runOnlyForDeploymentPostprocessing = 0;
			shellPath = /bin/sh;
			shellScript = "diff \"${PODS_PODFILE_DIR_PATH}/Podfile.lock\" \"${PODS_ROOT}/Manifest.lock\" > /dev/null\nif [ $? != 0 ] ; then\n    # print error to STDERR\n    echo \"error: The sandbox is not in sync with the Podfile.lock. Run 'pod install' or update your CocoaPods installation.\" >&2\n    exit 1\nfi\n# This output is used by Xcode 'outputs' to avoid re-running this script phase.\necho \"SUCCESS\" > \"${SCRIPT_OUTPUT_FILE_0}\"\n";
			showEnvVarsInLog = 0;
		};
		9503F7FE8E91057C2F4F501D /* [CP] Embed Pods Frameworks */ = {
			isa = PBXShellScriptBuildPhase;
			buildActionMask = 2147483647;
			files = (
			);
			inputPaths = (
				"${SRCROOT}/Pods/Target Support Files/Pods-YahooNewsMirror/Pods-YahooNewsMirror-frameworks.sh",
				"${BUILT_PRODUCTS_DIR}/SDWebImage/SDWebImage.framework",
				"${BUILT_PRODUCTS_DIR}/XLPagerTabStrip/XLPagerTabStrip.framework",
			);
			name = "[CP] Embed Pods Frameworks";
			outputPaths = (
				"${TARGET_BUILD_DIR}/${FRAMEWORKS_FOLDER_PATH}/SDWebImage.framework",
				"${TARGET_BUILD_DIR}/${FRAMEWORKS_FOLDER_PATH}/XLPagerTabStrip.framework",
			);
			runOnlyForDeploymentPostprocessing = 0;
			shellPath = /bin/sh;
			shellScript = "\"${SRCROOT}/Pods/Target Support Files/Pods-YahooNewsMirror/Pods-YahooNewsMirror-frameworks.sh\"\n";
			showEnvVarsInLog = 0;
		};
/* End PBXShellScriptBuildPhase section */

/* Begin PBXSourcesBuildPhase section */
		9EA8783F237F0FBC00216A17 /* Sources */ = {
			isa = PBXSourcesBuildPhase;
			buildActionMask = 2147483647;
			files = (
				9E578E7D237FDFF300B5B165 /* ArticleCell.swift in Sources */,
				9EA8784B237F0FBC00216A17 /* HomeViewController.swift in Sources */,
				9EA87847237F0FBC00216A17 /* AppDelegate.swift in Sources */,
				9EA87849237F0FBC00216A17 /* SceneDelegate.swift in Sources */,
			);
			runOnlyForDeploymentPostprocessing = 0;
		};
/* End PBXSourcesBuildPhase section */

/* Begin PBXVariantGroup section */
		9EA8784C237F0FBC00216A17 /* Main.storyboard */ = {
			isa = PBXVariantGroup;
			children = (
				9EA8784D237F0FBC00216A17 /* Base */,
			);
			name = Main.storyboard;
			sourceTree = "<group>";
		};
		9EA87851237F0FC300216A17 /* LaunchScreen.storyboard */ = {
			isa = PBXVariantGroup;
			children = (
				9EA87852237F0FC300216A17 /* Base */,
			);
			name = LaunchScreen.storyboard;
			sourceTree = "<group>";
		};
/* End PBXVariantGroup section */

/* Begin XCBuildConfiguration section */
		9EA87855237F0FC300216A17 /* Debug */ = {
			isa = XCBuildConfiguration;
			buildSettings = {
				ALWAYS_SEARCH_USER_PATHS = NO;
				CLANG_ANALYZER_NONNULL = YES;
				CLANG_ANALYZER_NUMBER_OBJECT_CONVERSION = YES_AGGRESSIVE;
				CLANG_CXX_LANGUAGE_STANDARD = "gnu++14";
				CLANG_CXX_LIBRARY = "libc++";
				CLANG_ENABLE_MODULES = YES;
				CLANG_ENABLE_OBJC_ARC = YES;
				CLANG_ENABLE_OBJC_WEAK = YES;
				CLANG_WARN_BLOCK_CAPTURE_AUTORELEASING = YES;
				CLANG_WARN_BOOL_CONVERSION = YES;
				CLANG_WARN_COMMA = YES;
				CLANG_WARN_CONSTANT_CONVERSION = YES;
				CLANG_WARN_DEPRECATED_OBJC_IMPLEMENTATIONS = YES;
				CLANG_WARN_DIRECT_OBJC_ISA_USAGE = YES_ERROR;
				CLANG_WARN_DOCUMENTATION_COMMENTS = YES;
				CLANG_WARN_EMPTY_BODY = YES;
				CLANG_WARN_ENUM_CONVERSION = YES;
				CLANG_WARN_INFINITE_RECURSION = YES;
				CLANG_WARN_INT_CONVERSION = YES;
				CLANG_WARN_NON_LITERAL_NULL_CONVERSION = YES;
				CLANG_WARN_OBJC_IMPLICIT_RETAIN_SELF = YES;
				CLANG_WARN_OBJC_LITERAL_CONVERSION = YES;
				CLANG_WARN_OBJC_ROOT_CLASS = YES_ERROR;
				CLANG_WARN_RANGE_LOOP_ANALYSIS = YES;
				CLANG_WARN_STRICT_PROTOTYPES = YES;
				CLANG_WARN_SUSPICIOUS_MOVE = YES;
				CLANG_WARN_UNGUARDED_AVAILABILITY = YES_AGGRESSIVE;
				CLANG_WARN_UNREACHABLE_CODE = YES;
				CLANG_WARN__DUPLICATE_METHOD_MATCH = YES;
				COPY_PHASE_STRIP = NO;
				DEBUG_INFORMATION_FORMAT = dwarf;
				ENABLE_STRICT_OBJC_MSGSEND = YES;
				ENABLE_TESTABILITY = YES;
				GCC_C_LANGUAGE_STANDARD = gnu11;
				GCC_DYNAMIC_NO_PIC = NO;
				GCC_NO_COMMON_BLOCKS = YES;
				GCC_OPTIMIZATION_LEVEL = 0;
				GCC_PREPROCESSOR_DEFINITIONS = (
					"DEBUG=1",
					"$(inherited)",
				);
				GCC_WARN_64_TO_32_BIT_CONVERSION = YES;
				GCC_WARN_ABOUT_RETURN_TYPE = YES_ERROR;
				GCC_WARN_UNDECLARED_SELECTOR = YES;
				GCC_WARN_UNINITIALIZED_AUTOS = YES_AGGRESSIVE;
				GCC_WARN_UNUSED_FUNCTION = YES;
				GCC_WARN_UNUSED_VARIABLE = YES;
				IPHONEOS_DEPLOYMENT_TARGET = 13.1;
				MTL_ENABLE_DEBUG_INFO = INCLUDE_SOURCE;
				MTL_FAST_MATH = YES;
				ONLY_ACTIVE_ARCH = YES;
				SDKROOT = iphoneos;
				SWIFT_ACTIVE_COMPILATION_CONDITIONS = DEBUG;
				SWIFT_OPTIMIZATION_LEVEL = "-Onone";
			};
			name = Debug;
		};
		9EA87856237F0FC300216A17 /* Release */ = {
			isa = XCBuildConfiguration;
			buildSettings = {
				ALWAYS_SEARCH_USER_PATHS = NO;
				CLANG_ANALYZER_NONNULL = YES;
				CLANG_ANALYZER_NUMBER_OBJECT_CONVERSION = YES_AGGRESSIVE;
				CLANG_CXX_LANGUAGE_STANDARD = "gnu++14";
				CLANG_CXX_LIBRARY = "libc++";
				CLANG_ENABLE_MODULES = YES;
				CLANG_ENABLE_OBJC_ARC = YES;
				CLANG_ENABLE_OBJC_WEAK = YES;
				CLANG_WARN_BLOCK_CAPTURE_AUTORELEASING = YES;
				CLANG_WARN_BOOL_CONVERSION = YES;
				CLANG_WARN_COMMA = YES;
				CLANG_WARN_CONSTANT_CONVERSION = YES;
				CLANG_WARN_DEPRECATED_OBJC_IMPLEMENTATIONS = YES;
				CLANG_WARN_DIRECT_OBJC_ISA_USAGE = YES_ERROR;
				CLANG_WARN_DOCUMENTATION_COMMENTS = YES;
				CLANG_WARN_EMPTY_BODY = YES;
				CLANG_WARN_ENUM_CONVERSION = YES;
				CLANG_WARN_INFINITE_RECURSION = YES;
				CLANG_WARN_INT_CONVERSION = YES;
				CLANG_WARN_NON_LITERAL_NULL_CONVERSION = YES;
				CLANG_WARN_OBJC_IMPLICIT_RETAIN_SELF = YES;
				CLANG_WARN_OBJC_LITERAL_CONVERSION = YES;
				CLANG_WARN_OBJC_ROOT_CLASS = YES_ERROR;
				CLANG_WARN_RANGE_LOOP_ANALYSIS = YES;
				CLANG_WARN_STRICT_PROTOTYPES = YES;
				CLANG_WARN_SUSPICIOUS_MOVE = YES;
				CLANG_WARN_UNGUARDED_AVAILABILITY = YES_AGGRESSIVE;
				CLANG_WARN_UNREACHABLE_CODE = YES;
				CLANG_WARN__DUPLICATE_METHOD_MATCH = YES;
				COPY_PHASE_STRIP = NO;
				DEBUG_INFORMATION_FORMAT = "dwarf-with-dsym";
				ENABLE_NS_ASSERTIONS = NO;
				ENABLE_STRICT_OBJC_MSGSEND = YES;
				GCC_C_LANGUAGE_STANDARD = gnu11;
				GCC_NO_COMMON_BLOCKS = YES;
				GCC_WARN_64_TO_32_BIT_CONVERSION = YES;
				GCC_WARN_ABOUT_RETURN_TYPE = YES_ERROR;
				GCC_WARN_UNDECLARED_SELECTOR = YES;
				GCC_WARN_UNINITIALIZED_AUTOS = YES_AGGRESSIVE;
				GCC_WARN_UNUSED_FUNCTION = YES;
				GCC_WARN_UNUSED_VARIABLE = YES;
				IPHONEOS_DEPLOYMENT_TARGET = 13.1;
				MTL_ENABLE_DEBUG_INFO = NO;
				MTL_FAST_MATH = YES;
				SDKROOT = iphoneos;
				SWIFT_COMPILATION_MODE = wholemodule;
				SWIFT_OPTIMIZATION_LEVEL = "-O";
				VALIDATE_PRODUCT = YES;
			};
			name = Release;
		};
		9EA87858237F0FC300216A17 /* Debug */ = {
			isa = XCBuildConfiguration;
			baseConfigurationReference = 71D75EACA9820E40030EF9B4 /* Pods-YahooNewsMirror.debug.xcconfig */;
			buildSettings = {
				ASSETCATALOG_COMPILER_APPICON_NAME = AppIcon;
				CODE_SIGN_STYLE = Automatic;
				DEVELOPMENT_TEAM = JXYB4XKM6U;
				INFOPLIST_FILE = YahooNewsMirror/Info.plist;
				LD_RUNPATH_SEARCH_PATHS = (
					"$(inherited)",
					"@executable_path/Frameworks",
				);
				PRODUCT_BUNDLE_IDENTIFIER = "tk108gabalian-ezweb.ne.jp.YahooNewsMirror";
				PRODUCT_NAME = "$(TARGET_NAME)";
				SWIFT_VERSION = 5.0;
				TARGETED_DEVICE_FAMILY = "1,2";
			};
			name = Debug;
		};
		9EA87859237F0FC300216A17 /* Release */ = {
			isa = XCBuildConfiguration;
			baseConfigurationReference = C9C7CCA9DE600D0C7BF3C128 /* Pods-YahooNewsMirror.release.xcconfig */;
			buildSettings = {
				ASSETCATALOG_COMPILER_APPICON_NAME = AppIcon;
				CODE_SIGN_STYLE = Automatic;
				DEVELOPMENT_TEAM = JXYB4XKM6U;
				INFOPLIST_FILE = YahooNewsMirror/Info.plist;
				LD_RUNPATH_SEARCH_PATHS = (
					"$(inherited)",
					"@executable_path/Frameworks",
				);
				PRODUCT_BUNDLE_IDENTIFIER = "tk108gabalian-ezweb.ne.jp.YahooNewsMirror";
				PRODUCT_NAME = "$(TARGET_NAME)";
				SWIFT_VERSION = 5.0;
				TARGETED_DEVICE_FAMILY = "1,2";
			};
			name = Release;
		};
/* End XCBuildConfiguration section */

/* Begin XCConfigurationList section */
		9EA8783E237F0FBC00216A17 /* Build configuration list for PBXProject "YahooNewsMirror" */ = {
			isa = XCConfigurationList;
			buildConfigurations = (
				9EA87855237F0FC300216A17 /* Debug */,
				9EA87856237F0FC300216A17 /* Release */,
			);
			defaultConfigurationIsVisible = 0;
			defaultConfigurationName = Release;
		};
		9EA87857237F0FC300216A17 /* Build configuration list for PBXNativeTarget "YahooNewsMirror" */ = {
			isa = XCConfigurationList;
			buildConfigurations = (
				9EA87858237F0FC300216A17 /* Debug */,
				9EA87859237F0FC300216A17 /* Release */,
			);
			defaultConfigurationIsVisible = 0;
			defaultConfigurationName = Release;
		};
/* End XCConfigurationList section */
	};
	rootObject = 9EA8783B237F0FBC00216A17 /* Project object */;
}
